
Microsoft Visual Studio Solution File, Format Version 12.00
# Visual Studio 15
VisualStudioVersion = 15.0.27130.2020
MinimumVisualStudioVersion = 10.0.40219.1
Project("{FAE04EC0-301F-11D3-BF4B-00C04F79EFBC}") = "ConsoleApp1", "ConsoleApp1\ConsoleApp1.csproj", "{CA3BDBB8-171A-4B2A-B652-F4CE9CAF6847}"
EndProject
Global
	GlobalSection(SolutionConfigurationPlatforms) = preSolution
		Debug|Any CPU = Debug|Any CPU
		Release|Any CPU = Release|Any CPU
	EndGlobalSection
	GlobalSection(ProjectConfigurationPlatforms) = postSolution
		{CA3BDBB8-171A-4B2A-B652-F4CE9CAF6847}.Debug|Any CPU.ActiveCfg = Debug|Any CPU
		{CA3BDBB8-171A-4B2A-B652-F4CE9CAF6847}.Debug|Any CPU.Build.0 = Debug|Any CPU
		{CA3BDBB8-171A-4B2A-B652-F4CE9CAF6847}.Release|Any CPU.ActiveCfg = Release|Any CPU
		{CA3BDBB8-171A-4B2A-B652-F4CE9CAF6847}.Release|Any CPU.Build.0 = Release|Any CPU
	EndGlobalSection
	GlobalSection(SolutionProperties) = preSolution
		HideSolutionNode = FALSE
	EndGlobalSection
	GlobalSection(ExtensibilityGlobals) = postSolution
		SolutionGuid = {5A3E8C0D-5687-42BD-898F-099E5A407E81}
	EndGlobalSection
EndGlobal
